
Microsoft Visual Studio Solution File, Format Version 12.00
# Visual Studio Version 17
VisualStudioVersion = 17.5.002.0
MinimumVisualStudioVersion = 10.0.40219.1
Project("{9A19103F-16F7-4668-BE54-9A1E7A4F7556}") = "desktop", "desktop.csproj", "{F75A10BD-7B8C-4ECE-BE47-5264BBB55720}"
EndProject
Global
	GlobalSection(SolutionConfigurationPlatforms) = preSolution
		Debug|Any CPU = Debug|Any CPU
		Release|Any CPU = Release|Any CPU
	EndGlobalSection
	GlobalSection(ProjectConfigurationPlatforms) = postSolution
		{F75A10BD-7B8C-4ECE-BE47-5264BBB55720}.Debug|Any CPU.ActiveCfg = Debug|Any CPU
		{F75A10BD-7B8C-4ECE-BE47-5264BBB55720}.Debug|Any CPU.Build.0 = Debug|Any CPU
		{F75A10BD-7B8C-4ECE-BE47-5264BBB55720}.Release|Any CPU.ActiveCfg = Release|Any CPU
		{F75A10BD-7B8C-4ECE-BE47-5264BBB55720}.Release|Any CPU.Build.0 = Release|Any CPU
	EndGlobalSection
	GlobalSection(SolutionProperties) = preSolution
		HideSolutionNode = FALSE
	EndGlobalSection
	GlobalSection(ExtensibilityGlobals) = postSolution
		SolutionGuid = {D78F9ED5-D846-41EA-AA8D-E102E7B25D71}
	EndGlobalSection
EndGlobal
